
Microsoft Visual Studio Solution File, Format Version 12.00
# Visual Studio Version 17
VisualStudioVersion = 17.4.33122.133
MinimumVisualStudioVersion = 10.0.40219.1
Project("{FAE04EC0-301F-11D3-BF4B-00C04F79EFBC}") = "20230826_Directory", "20230826_Directory\20230826_Directory.csproj", "{89177860-C5CF-4B6B-896B-FDAD57B9863C}"
EndProject
Global
	GlobalSection(SolutionConfigurationPlatforms) = preSolution
		Debug|Any CPU = Debug|Any CPU
		Release|Any CPU = Release|Any CPU
	EndGlobalSection
	GlobalSection(ProjectConfigurationPlatforms) = postSolution
		{89177860-C5CF-4B6B-896B-FDAD57B9863C}.Debug|Any CPU.ActiveCfg = Debug|Any CPU
		{89177860-C5CF-4B6B-896B-FDAD57B9863C}.Debug|Any CPU.Build.0 = Debug|Any CPU
		{89177860-C5CF-4B6B-896B-FDAD57B9863C}.Release|Any CPU.ActiveCfg = Release|Any CPU
		{89177860-C5CF-4B6B-896B-FDAD57B9863C}.Release|Any CPU.Build.0 = Release|Any CPU
	EndGlobalSection
	GlobalSection(SolutionProperties) = preSolution
		HideSolutionNode = FALSE
	EndGlobalSection
	GlobalSection(ExtensibilityGlobals) = postSolution
		SolutionGuid = {3193013F-8AB8-4C0A-AD16-456B0F4511C8}
	EndGlobalSection
EndGlobal
